
Microsoft Visual Studio Solution File, Format Version 12.00
# Visual Studio 15
VisualStudioVersion = 15.0.27703.2018
MinimumVisualStudioVersion = 10.0.40219.1
Project("{8BC9CEB8-8B4A-11D0-8D11-00A0C91BC942}") = "CustomersCardMS", "CustomersCardMS\CustomersCardMS.vcxproj", "{7A5AD320-C45E-49DF-BA4A-226A7FDB8062}"
EndProject
Global
	GlobalSection(SolutionConfigurationPlatforms) = preSolution
		Debug|x64 = Debug|x64
		Debug|x86 = Debug|x86
		Release|x64 = Release|x64
		Release|x86 = Release|x86
	EndGlobalSection
	GlobalSection(ProjectConfigurationPlatforms) = postSolution
		{7A5AD320-C45E-49DF-BA4A-226A7FDB8062}.Debug|x64.ActiveCfg = Debug|x64
		{7A5AD320-C45E-49DF-BA4A-226A7FDB8062}.Debug|x64.Build.0 = Debug|x64
		{7A5AD320-C45E-49DF-BA4A-226A7FDB8062}.Debug|x86.ActiveCfg = Debug|Win32
		{7A5AD320-C45E-49DF-BA4A-226A7FDB8062}.Debug|x86.Build.0 = Debug|Win32
		{7A5AD320-C45E-49DF-BA4A-226A7FDB8062}.Release|x64.ActiveCfg = Release|x64
		{7A5AD320-C45E-49DF-BA4A-226A7FDB8062}.Release|x64.Build.0 = Release|x64
		{7A5AD320-C45E-49DF-BA4A-226A7FDB8062}.Release|x86.ActiveCfg = Release|Win32
		{7A5AD320-C45E-49DF-BA4A-226A7FDB8062}.Release|x86.Build.0 = Release|Win32
	EndGlobalSection
	GlobalSection(SolutionProperties) = preSolution
		HideSolutionNode = FALSE
	EndGlobalSection
	GlobalSection(ExtensibilityGlobals) = postSolution
		SolutionGuid = {313B830C-0CC9-4ADD-B7F2-94954A557887}
	EndGlobalSection
EndGlobal
